// !$*UTF8*$!
{
	archiveVersion = 1;
	classes = {
	};
	objectVersion = 55;
	objects = {

/* Begin PBXBuildFile section */
		B21473BC28F058600034C62D /* String+.swift in Sources */ = {isa = PBXBuildFile; fileRef = B21473BB28F058600034C62D /* String+.swift */; };
		B25E600C28D2400500E96C78 /* KeyChainManager.swift in Sources */ = {isa = PBXBuildFile; fileRef = B25E600B28D2400500E96C78 /* KeyChainManager.swift */; };
		B289943328CA69FF002B9F67 /* StampView+Observed.swift in Sources */ = {isa = PBXBuildFile; fileRef = B289943228CA69FF002B9F67 /* StampView+Observed.swift */; };
		B2C066B628F1650200179150 /* Tab.swift in Sources */ = {isa = PBXBuildFile; fileRef = B2C066B528F1650200179150 /* Tab.swift */; };
		B2E1083128C9CD6900C3DD59 /* MainTabView+Observed.swift in Sources */ = {isa = PBXBuildFile; fileRef = B2E1083028C9CD6900C3DD59 /* MainTabView+Observed.swift */; };
		B2FC6F6328D309FF00D2ACBF /* Stamp.swift in Sources */ = {isa = PBXBuildFile; fileRef = B2FC6F6228D309FF00D2ACBF /* Stamp.swift */; };
		C63A865F28CA70ED0064C417 /* EventDetailView+Observed.swift in Sources */ = {isa = PBXBuildFile; fileRef = C63A865E28CA70ED0064C417 /* EventDetailView+Observed.swift */; };
		C63A866328CB3D490064C417 /* View+.swift in Sources */ = {isa = PBXBuildFile; fileRef = C63A866228CB3D490064C417 /* View+.swift */; };
		C63A866528CB3F6D0064C417 /* DateFormatter+.swift in Sources */ = {isa = PBXBuildFile; fileRef = C63A866428CB3F6D0064C417 /* DateFormatter+.swift */; };
		C66C68D328D1B00A0091F960 /* EventModel.swift in Sources */ = {isa = PBXBuildFile; fileRef = C66C68D228D1B00A0091F960 /* EventModel.swift */; };
		C66C68D528D1B0130091F960 /* SessionModel.swift in Sources */ = {isa = PBXBuildFile; fileRef = C66C68D428D1B0130091F960 /* SessionModel.swift */; };
		C66DAD5028CF478700195DEB /* SessionView+Observed.swift in Sources */ = {isa = PBXBuildFile; fileRef = C66DAD4F28CF478700195DEB /* SessionView+Observed.swift */; };
		C68DE93628C7685800CA4CC8 /* AsyncSwiftApp.swift in Sources */ = {isa = PBXBuildFile; fileRef = C68DE93528C7685800CA4CC8 /* AsyncSwiftApp.swift */; };
		C68DE93828C7685800CA4CC8 /* MainTabView.swift in Sources */ = {isa = PBXBuildFile; fileRef = C68DE93728C7685800CA4CC8 /* MainTabView.swift */; };
		C68DE93A28C7685900CA4CC8 /* Assets.xcassets in Resources */ = {isa = PBXBuildFile; fileRef = C68DE93928C7685900CA4CC8 /* Assets.xcassets */; };
		C68DE93D28C7685900CA4CC8 /* Preview Assets.xcassets in Resources */ = {isa = PBXBuildFile; fileRef = C68DE93C28C7685900CA4CC8 /* Preview Assets.xcassets */; };
		C68DE94528C76BC500CA4CC8 /* FirebaseAnalytics in Frameworks */ = {isa = PBXBuildFile; productRef = C68DE94428C76BC500CA4CC8 /* FirebaseAnalytics */; };
		C68DE94728C76BC500CA4CC8 /* FirebaseMessaging in Frameworks */ = {isa = PBXBuildFile; productRef = C68DE94628C76BC500CA4CC8 /* FirebaseMessaging */; };
		C68DE94928C76CB800CA4CC8 /* GoogleService-Info.plist in Resources */ = {isa = PBXBuildFile; fileRef = C68DE94828C76CB800CA4CC8 /* GoogleService-Info.plist */; };
		C68DE94C28C76F3200CA4CC8 /* AppDelegate.swift in Sources */ = {isa = PBXBuildFile; fileRef = C68DE94B28C76F3200CA4CC8 /* AppDelegate.swift */; };
		C68DE94F28C77DC900CA4CC8 /* EventView.swift in Sources */ = {isa = PBXBuildFile; fileRef = C68DE94E28C77DC900CA4CC8 /* EventView.swift */; };
		C68DE95128C77DDA00CA4CC8 /* TicketingView.swift in Sources */ = {isa = PBXBuildFile; fileRef = C68DE95028C77DDA00CA4CC8 /* TicketingView.swift */; };
		C6E744A028CA557100B7B2BD /* Color+.swift in Sources */ = {isa = PBXBuildFile; fileRef = C6E7449F28CA557100B7B2BD /* Color+.swift */; };
		C6F7798728C9CB3A0036773B /* StampView.swift in Sources */ = {isa = PBXBuildFile; fileRef = C6F7798628C9CB3A0036773B /* StampView.swift */; };
		C6F7798B28C9CBC60036773B /* EventView+Observed.swift in Sources */ = {isa = PBXBuildFile; fileRef = C6F7798A28C9CBC60036773B /* EventView+Observed.swift */; };
		C6F7798F28C9D1BF0036773B /* SessionView.swift in Sources */ = {isa = PBXBuildFile; fileRef = C6F7798E28C9D1BF0036773B /* SessionView.swift */; };
		C6F7799128C9E5DD0036773B /* EventDetailView.swift in Sources */ = {isa = PBXBuildFile; fileRef = C6F7799028C9E5DD0036773B /* EventDetailView.swift */; };
		E9171F0028D15426002FAF52 /* TicketingView+Observed.swift in Sources */ = {isa = PBXBuildFile; fileRef = E9171EFF28D15426002FAF52 /* TicketingView+Observed.swift */; };
		E94F92C728D2505100D9E759 /* Ticketing.swift in Sources */ = {isa = PBXBuildFile; fileRef = E94F92C628D2505100D9E759 /* Ticketing.swift */; };
		E9E2A4D828CEC5680016AEFF /* WebView.swift in Sources */ = {isa = PBXBuildFile; fileRef = E9E2A4D728CEC5680016AEFF /* WebView.swift */; };
/* End PBXBuildFile section */

/* Begin PBXFileReference section */
		B21473BB28F058600034C62D /* String+.swift */ = {isa = PBXFileReference; lastKnownFileType = sourcecode.swift; path = "String+.swift"; sourceTree = "<group>"; };
		B25E600B28D2400500E96C78 /* KeyChainManager.swift */ = {isa = PBXFileReference; fileEncoding = 4; lastKnownFileType = sourcecode.swift; path = KeyChainManager.swift; sourceTree = "<group>"; };
		B289943228CA69FF002B9F67 /* StampView+Observed.swift */ = {isa = PBXFileReference; lastKnownFileType = sourcecode.swift; path = "StampView+Observed.swift"; sourceTree = "<group>"; };
		B2C066B528F1650200179150 /* Tab.swift */ = {isa = PBXFileReference; lastKnownFileType = sourcecode.swift; path = Tab.swift; sourceTree = "<group>"; };
		B2E1083028C9CD6900C3DD59 /* MainTabView+Observed.swift */ = {isa = PBXFileReference; lastKnownFileType = sourcecode.swift; path = "MainTabView+Observed.swift"; sourceTree = "<group>"; };
		B2FC6F6228D309FF00D2ACBF /* Stamp.swift */ = {isa = PBXFileReference; lastKnownFileType = sourcecode.swift; path = Stamp.swift; sourceTree = "<group>"; };
		C63A865E28CA70ED0064C417 /* EventDetailView+Observed.swift */ = {isa = PBXFileReference; lastKnownFileType = sourcecode.swift; path = "EventDetailView+Observed.swift"; sourceTree = "<group>"; };
		C63A866228CB3D490064C417 /* View+.swift */ = {isa = PBXFileReference; lastKnownFileType = sourcecode.swift; path = "View+.swift"; sourceTree = "<group>"; };
		C63A866428CB3F6D0064C417 /* DateFormatter+.swift */ = {isa = PBXFileReference; lastKnownFileType = sourcecode.swift; path = "DateFormatter+.swift"; sourceTree = "<group>"; };
		C66C68D228D1B00A0091F960 /* EventModel.swift */ = {isa = PBXFileReference; lastKnownFileType = sourcecode.swift; path = EventModel.swift; sourceTree = "<group>"; };
		C66C68D428D1B0130091F960 /* SessionModel.swift */ = {isa = PBXFileReference; lastKnownFileType = sourcecode.swift; path = SessionModel.swift; sourceTree = "<group>"; };
		C66DAD4F28CF478700195DEB /* SessionView+Observed.swift */ = {isa = PBXFileReference; lastKnownFileType = sourcecode.swift; path = "SessionView+Observed.swift"; sourceTree = "<group>"; };
		C68DE93228C7685800CA4CC8 /* AsyncSwift.app */ = {isa = PBXFileReference; explicitFileType = wrapper.application; includeInIndex = 0; path = AsyncSwift.app; sourceTree = BUILT_PRODUCTS_DIR; };
		C68DE93528C7685800CA4CC8 /* AsyncSwiftApp.swift */ = {isa = PBXFileReference; lastKnownFileType = sourcecode.swift; path = AsyncSwiftApp.swift; sourceTree = "<group>"; };
		C68DE93728C7685800CA4CC8 /* MainTabView.swift */ = {isa = PBXFileReference; lastKnownFileType = sourcecode.swift; path = MainTabView.swift; sourceTree = "<group>"; };
		C68DE93928C7685900CA4CC8 /* Assets.xcassets */ = {isa = PBXFileReference; lastKnownFileType = folder.assetcatalog; path = Assets.xcassets; sourceTree = "<group>"; };
		C68DE93C28C7685900CA4CC8 /* Preview Assets.xcassets */ = {isa = PBXFileReference; lastKnownFileType = folder.assetcatalog; path = "Preview Assets.xcassets"; sourceTree = "<group>"; };
		C68DE94828C76CB800CA4CC8 /* GoogleService-Info.plist */ = {isa = PBXFileReference; fileEncoding = 4; lastKnownFileType = text.plist.xml; path = "GoogleService-Info.plist"; sourceTree = "<group>"; };
		C68DE94A28C76CE000CA4CC8 /* Info.plist */ = {isa = PBXFileReference; lastKnownFileType = text.plist; path = Info.plist; sourceTree = "<group>"; };
		C68DE94B28C76F3200CA4CC8 /* AppDelegate.swift */ = {isa = PBXFileReference; lastKnownFileType = sourcecode.swift; path = AppDelegate.swift; sourceTree = "<group>"; };
		C68DE94D28C77CC400CA4CC8 /* AsyncSwift.entitlements */ = {isa = PBXFileReference; lastKnownFileType = text.plist.entitlements; path = AsyncSwift.entitlements; sourceTree = "<group>"; };
		C68DE94E28C77DC900CA4CC8 /* EventView.swift */ = {isa = PBXFileReference; lastKnownFileType = sourcecode.swift; path = EventView.swift; sourceTree = "<group>"; };
		C68DE95028C77DDA00CA4CC8 /* TicketingView.swift */ = {isa = PBXFileReference; lastKnownFileType = sourcecode.swift; path = TicketingView.swift; sourceTree = "<group>"; };
		C6E7449F28CA557100B7B2BD /* Color+.swift */ = {isa = PBXFileReference; lastKnownFileType = sourcecode.swift; path = "Color+.swift"; sourceTree = "<group>"; };
		C6F7798628C9CB3A0036773B /* StampView.swift */ = {isa = PBXFileReference; lastKnownFileType = sourcecode.swift; path = StampView.swift; sourceTree = "<group>"; };
		C6F7798A28C9CBC60036773B /* EventView+Observed.swift */ = {isa = PBXFileReference; lastKnownFileType = sourcecode.swift; path = "EventView+Observed.swift"; sourceTree = "<group>"; };
		C6F7798E28C9D1BF0036773B /* SessionView.swift */ = {isa = PBXFileReference; lastKnownFileType = sourcecode.swift; path = SessionView.swift; sourceTree = "<group>"; };
		C6F7799028C9E5DD0036773B /* EventDetailView.swift */ = {isa = PBXFileReference; lastKnownFileType = sourcecode.swift; path = EventDetailView.swift; sourceTree = "<group>"; };
		E9171EFF28D15426002FAF52 /* TicketingView+Observed.swift */ = {isa = PBXFileReference; fileEncoding = 4; lastKnownFileType = sourcecode.swift; path = "TicketingView+Observed.swift"; sourceTree = "<group>"; };
		E94F92C628D2505100D9E759 /* Ticketing.swift */ = {isa = PBXFileReference; fileEncoding = 4; lastKnownFileType = sourcecode.swift; path = Ticketing.swift; sourceTree = "<group>"; };
		E9E2A4D728CEC5680016AEFF /* WebView.swift */ = {isa = PBXFileReference; fileEncoding = 4; lastKnownFileType = sourcecode.swift; path = WebView.swift; sourceTree = "<group>"; };
/* End PBXFileReference section */

/* Begin PBXFrameworksBuildPhase section */
		C68DE92F28C7685800CA4CC8 /* Frameworks */ = {
			isa = PBXFrameworksBuildPhase;
			buildActionMask = 2147483647;
			files = (
				C68DE94728C76BC500CA4CC8 /* FirebaseMessaging in Frameworks */,
				C68DE94528C76BC500CA4CC8 /* FirebaseAnalytics in Frameworks */,
			);
			runOnlyForDeploymentPostprocessing = 0;
		};
/* End PBXFrameworksBuildPhase section */

/* Begin PBXGroup section */
		B2C066B228F15C5B00179150 /* Managers */ = {
			isa = PBXGroup;
			children = (
				B25E600B28D2400500E96C78 /* KeyChainManager.swift */,
			);
			path = Managers;
			sourceTree = "<group>";
		};
		C68DE92928C7685800CA4CC8 = {
			isa = PBXGroup;
			children = (
				C68DE93428C7685800CA4CC8 /* AsyncSwift */,
				C68DE93328C7685800CA4CC8 /* Products */,
			);
			sourceTree = "<group>";
		};
		C68DE93328C7685800CA4CC8 /* Products */ = {
			isa = PBXGroup;
			children = (
				C68DE93228C7685800CA4CC8 /* AsyncSwift.app */,
			);
			name = Products;
			sourceTree = "<group>";
		};
		C68DE93428C7685800CA4CC8 /* AsyncSwift */ = {
			isa = PBXGroup;
			children = (
				C68DE94D28C77CC400CA4CC8 /* AsyncSwift.entitlements */,
				C68DE94A28C76CE000CA4CC8 /* Info.plist */,
				C68DE93528C7685800CA4CC8 /* AsyncSwiftApp.swift */,
				B2C066B228F15C5B00179150 /* Managers */,
				C68DE94B28C76F3200CA4CC8 /* AppDelegate.swift */,
				C6E7449E28CA556800B7B2BD /* Extensions */,
				C6F7798828C9CB9B0036773B /* Models */,
				C68DE95228C77F4800CA4CC8 /* Views */,
				C6F7798928C9CBA60036773B /* Observed */,
				C68DE93928C7685900CA4CC8 /* Assets.xcassets */,
				C68DE94828C76CB800CA4CC8 /* GoogleService-Info.plist */,
				C68DE93B28C7685900CA4CC8 /* Preview Content */,
			);
			path = AsyncSwift;
			sourceTree = "<group>";
		};
		C68DE93B28C7685900CA4CC8 /* Preview Content */ = {
			isa = PBXGroup;
			children = (
				C68DE93C28C7685900CA4CC8 /* Preview Assets.xcassets */,
			);
			path = "Preview Content";
			sourceTree = "<group>";
		};
		C68DE95228C77F4800CA4CC8 /* Views */ = {
			isa = PBXGroup;
			children = (
				C68DE93728C7685800CA4CC8 /* MainTabView.swift */,
				C68DE94E28C77DC900CA4CC8 /* EventView.swift */,
				C6F7799028C9E5DD0036773B /* EventDetailView.swift */,
				C6F7798E28C9D1BF0036773B /* SessionView.swift */,
				C68DE95028C77DDA00CA4CC8 /* TicketingView.swift */,
				C6F7798628C9CB3A0036773B /* StampView.swift */,
			);
			path = Views;
			sourceTree = "<group>";
		};
		C6E7449E28CA556800B7B2BD /* Extensions */ = {
			isa = PBXGroup;
			children = (
				C6E7449F28CA557100B7B2BD /* Color+.swift */,
				C63A866228CB3D490064C417 /* View+.swift */,
				C63A866428CB3F6D0064C417 /* DateFormatter+.swift */,
				E9E2A4D728CEC5680016AEFF /* WebView.swift */,
				B21473BB28F058600034C62D /* String+.swift */,
			);
			path = Extensions;
			sourceTree = "<group>";
		};
		C6F7798828C9CB9B0036773B /* Models */ = {
			isa = PBXGroup;
			children = (
				C66C68D228D1B00A0091F960 /* EventModel.swift */,
				C66C68D428D1B0130091F960 /* SessionModel.swift */,
				E94F92C628D2505100D9E759 /* Ticketing.swift */,
				B2FC6F6228D309FF00D2ACBF /* Stamp.swift */,
				B2C066B528F1650200179150 /* Tab.swift */,
			);
			path = Models;
			sourceTree = "<group>";
		};
		C6F7798928C9CBA60036773B /* Observed */ = {
			isa = PBXGroup;
			children = (
				C6F7798A28C9CBC60036773B /* EventView+Observed.swift */,
				C63A865E28CA70ED0064C417 /* EventDetailView+Observed.swift */,
				C66DAD4F28CF478700195DEB /* SessionView+Observed.swift */,
				B2E1083028C9CD6900C3DD59 /* MainTabView+Observed.swift */,
				B289943228CA69FF002B9F67 /* StampView+Observed.swift */,
				E9171EFF28D15426002FAF52 /* TicketingView+Observed.swift */,
			);
			path = Observed;
			sourceTree = "<group>";
		};
/* End PBXGroup section */

/* Begin PBXNativeTarget section */
		C68DE93128C7685800CA4CC8 /* AsyncSwift */ = {
			isa = PBXNativeTarget;
			buildConfigurationList = C68DE94028C7685900CA4CC8 /* Build configuration list for PBXNativeTarget "AsyncSwift" */;
			buildPhases = (
				C68DE92E28C7685800CA4CC8 /* Sources */,
				C68DE92F28C7685800CA4CC8 /* Frameworks */,
				C68DE93028C7685800CA4CC8 /* Resources */,
			);
			buildRules = (
			);
			dependencies = (
			);
			name = AsyncSwift;
			packageProductDependencies = (
				C68DE94428C76BC500CA4CC8 /* FirebaseAnalytics */,
				C68DE94628C76BC500CA4CC8 /* FirebaseMessaging */,
			);
			productName = AsyncSwift;
			productReference = C68DE93228C7685800CA4CC8 /* AsyncSwift.app */;
			productType = "com.apple.product-type.application";
		};
/* End PBXNativeTarget section */

/* Begin PBXProject section */
		C68DE92A28C7685800CA4CC8 /* Project object */ = {
			isa = PBXProject;
			attributes = {
				BuildIndependentTargetsInParallel = 1;
				LastSwiftUpdateCheck = 1340;
				LastUpgradeCheck = 1340;
				TargetAttributes = {
					C68DE93128C7685800CA4CC8 = {
						CreatedOnToolsVersion = 13.4.1;
					};
				};
			};
			buildConfigurationList = C68DE92D28C7685800CA4CC8 /* Build configuration list for PBXProject "AsyncSwift" */;
			compatibilityVersion = "Xcode 13.0";
			developmentRegion = en;
			hasScannedForEncodings = 0;
			knownRegions = (
				en,
				Base,
			);
			mainGroup = C68DE92928C7685800CA4CC8;
			packageReferences = (
				C68DE94328C76BC500CA4CC8 /* XCRemoteSwiftPackageReference "firebase-ios-sdk" */,
			);
			productRefGroup = C68DE93328C7685800CA4CC8 /* Products */;
			projectDirPath = "";
			projectRoot = "";
			targets = (
				C68DE93128C7685800CA4CC8 /* AsyncSwift */,
			);
		};
/* End PBXProject section */

/* Begin PBXResourcesBuildPhase section */
		C68DE93028C7685800CA4CC8 /* Resources */ = {
			isa = PBXResourcesBuildPhase;
			buildActionMask = 2147483647;
			files = (
				C68DE93D28C7685900CA4CC8 /* Preview Assets.xcassets in Resources */,
				C68DE93A28C7685900CA4CC8 /* Assets.xcassets in Resources */,
				C68DE94928C76CB800CA4CC8 /* GoogleService-Info.plist in Resources */,
			);
			runOnlyForDeploymentPostprocessing = 0;
		};
/* End PBXResourcesBuildPhase section */

/* Begin PBXSourcesBuildPhase section */
		C68DE92E28C7685800CA4CC8 /* Sources */ = {
			isa = PBXSourcesBuildPhase;
			buildActionMask = 2147483647;
			files = (
				C68DE94C28C76F3200CA4CC8 /* AppDelegate.swift in Sources */,
				E94F92C728D2505100D9E759 /* Ticketing.swift in Sources */,
				C66DAD5028CF478700195DEB /* SessionView+Observed.swift in Sources */,
				C6E744A028CA557100B7B2BD /* Color+.swift in Sources */,
				C68DE95128C77DDA00CA4CC8 /* TicketingView.swift in Sources */,
				B25E600C28D2400500E96C78 /* KeyChainManager.swift in Sources */,
				B2C066B628F1650200179150 /* Tab.swift in Sources */,
				C6F7798B28C9CBC60036773B /* EventView+Observed.swift in Sources */,
				C66C68D528D1B0130091F960 /* SessionModel.swift in Sources */,
				B21473BC28F058600034C62D /* String+.swift in Sources */,
				E9171F0028D15426002FAF52 /* TicketingView+Observed.swift in Sources */,
				C6F7798728C9CB3A0036773B /* StampView.swift in Sources */,
				B289943328CA69FF002B9F67 /* StampView+Observed.swift in Sources */,
				C63A865F28CA70ED0064C417 /* EventDetailView+Observed.swift in Sources */,
				C68DE94F28C77DC900CA4CC8 /* EventView.swift in Sources */,
				C68DE93828C7685800CA4CC8 /* MainTabView.swift in Sources */,
				C6F7799128C9E5DD0036773B /* EventDetailView.swift in Sources */,
				C68DE93628C7685800CA4CC8 /* AsyncSwiftApp.swift in Sources */,
				E9E2A4D828CEC5680016AEFF /* WebView.swift in Sources */,
				C63A866328CB3D490064C417 /* View+.swift in Sources */,
				C63A866528CB3F6D0064C417 /* DateFormatter+.swift in Sources */,
				C6F7798F28C9D1BF0036773B /* SessionView.swift in Sources */,
				C66C68D328D1B00A0091F960 /* EventModel.swift in Sources */,
				B2FC6F6328D309FF00D2ACBF /* Stamp.swift in Sources */,
				B2E1083128C9CD6900C3DD59 /* MainTabView+Observed.swift in Sources */,
			);
			runOnlyForDeploymentPostprocessing = 0;
		};
/* End PBXSourcesBuildPhase section */

/* Begin XCBuildConfiguration section */
		C68DE93E28C7685900CA4CC8 /* Debug */ = {
			isa = XCBuildConfiguration;
			buildSettings = {
				ALWAYS_SEARCH_USER_PATHS = NO;
				CLANG_ANALYZER_NONNULL = YES;
				CLANG_ANALYZER_NUMBER_OBJECT_CONVERSION = YES_AGGRESSIVE;
				CLANG_CXX_LANGUAGE_STANDARD = "gnu++17";
				CLANG_ENABLE_MODULES = YES;
				CLANG_ENABLE_OBJC_ARC = YES;
				CLANG_ENABLE_OBJC_WEAK = YES;
				CLANG_WARN_BLOCK_CAPTURE_AUTORELEASING = YES;
				CLANG_WARN_BOOL_CONVERSION = YES;
				CLANG_WARN_COMMA = YES;
				CLANG_WARN_CONSTANT_CONVERSION = YES;
				CLANG_WARN_DEPRECATED_OBJC_IMPLEMENTATIONS = YES;
				CLANG_WARN_DIRECT_OBJC_ISA_USAGE = YES_ERROR;
				CLANG_WARN_DOCUMENTATION_COMMENTS = YES;
				CLANG_WARN_EMPTY_BODY = YES;
				CLANG_WARN_ENUM_CONVERSION = YES;
				CLANG_WARN_INFINITE_RECURSION = YES;
				CLANG_WARN_INT_CONVERSION = YES;
				CLANG_WARN_NON_LITERAL_NULL_CONVERSION = YES;
				CLANG_WARN_OBJC_IMPLICIT_RETAIN_SELF = YES;
				CLANG_WARN_OBJC_LITERAL_CONVERSION = YES;
				CLANG_WARN_OBJC_ROOT_CLASS = YES_ERROR;
				CLANG_WARN_QUOTED_INCLUDE_IN_FRAMEWORK_HEADER = YES;
				CLANG_WARN_RANGE_LOOP_ANALYSIS = YES;
				CLANG_WARN_STRICT_PROTOTYPES = YES;
				CLANG_WARN_SUSPICIOUS_MOVE = YES;
				CLANG_WARN_UNGUARDED_AVAILABILITY = YES_AGGRESSIVE;
				CLANG_WARN_UNREACHABLE_CODE = YES;
				CLANG_WARN__DUPLICATE_METHOD_MATCH = YES;
				COPY_PHASE_STRIP = NO;
				DEBUG_INFORMATION_FORMAT = dwarf;
				ENABLE_STRICT_OBJC_MSGSEND = YES;
				ENABLE_TESTABILITY = YES;
				GCC_C_LANGUAGE_STANDARD = gnu11;
				GCC_DYNAMIC_NO_PIC = NO;
				GCC_NO_COMMON_BLOCKS = YES;
				GCC_OPTIMIZATION_LEVEL = 0;
				GCC_PREPROCESSOR_DEFINITIONS = (
					"DEBUG=1",
					"$(inherited)",
				);
				GCC_WARN_64_TO_32_BIT_CONVERSION = YES;
				GCC_WARN_ABOUT_RETURN_TYPE = YES_ERROR;
				GCC_WARN_UNDECLARED_SELECTOR = YES;
				GCC_WARN_UNINITIALIZED_AUTOS = YES_AGGRESSIVE;
				GCC_WARN_UNUSED_FUNCTION = YES;
				GCC_WARN_UNUSED_VARIABLE = YES;
				IPHONEOS_DEPLOYMENT_TARGET = 15.0;
				MTL_ENABLE_DEBUG_INFO = INCLUDE_SOURCE;
				MTL_FAST_MATH = YES;
				ONLY_ACTIVE_ARCH = YES;
				SDKROOT = iphoneos;
				SWIFT_ACTIVE_COMPILATION_CONDITIONS = DEBUG;
				SWIFT_OPTIMIZATION_LEVEL = "-Onone";
			};
			name = Debug;
		};
		C68DE93F28C7685900CA4CC8 /* Release */ = {
			isa = XCBuildConfiguration;
			buildSettings = {
				ALWAYS_SEARCH_USER_PATHS = NO;
				CLANG_ANALYZER_NONNULL = YES;
				CLANG_ANALYZER_NUMBER_OBJECT_CONVERSION = YES_AGGRESSIVE;
				CLANG_CXX_LANGUAGE_STANDARD = "gnu++17";
				CLANG_ENABLE_MODULES = YES;
				CLANG_ENABLE_OBJC_ARC = YES;
				CLANG_ENABLE_OBJC_WEAK = YES;
				CLANG_WARN_BLOCK_CAPTURE_AUTORELEASING = YES;
				CLANG_WARN_BOOL_CONVERSION = YES;
				CLANG_WARN_COMMA = YES;
				CLANG_WARN_CONSTANT_CONVERSION = YES;
				CLANG_WARN_DEPRECATED_OBJC_IMPLEMENTATIONS = YES;
				CLANG_WARN_DIRECT_OBJC_ISA_USAGE = YES_ERROR;
				CLANG_WARN_DOCUMENTATION_COMMENTS = YES;
				CLANG_WARN_EMPTY_BODY = YES;
				CLANG_WARN_ENUM_CONVERSION = YES;
				CLANG_WARN_INFINITE_RECURSION = YES;
				CLANG_WARN_INT_CONVERSION = YES;
				CLANG_WARN_NON_LITERAL_NULL_CONVERSION = YES;
				CLANG_WARN_OBJC_IMPLICIT_RETAIN_SELF = YES;
				CLANG_WARN_OBJC_LITERAL_CONVERSION = YES;
				CLANG_WARN_OBJC_ROOT_CLASS = YES_ERROR;
				CLANG_WARN_QUOTED_INCLUDE_IN_FRAMEWORK_HEADER = YES;
				CLANG_WARN_RANGE_LOOP_ANALYSIS = YES;
				CLANG_WARN_STRICT_PROTOTYPES = YES;
				CLANG_WARN_SUSPICIOUS_MOVE = YES;
				CLANG_WARN_UNGUARDED_AVAILABILITY = YES_AGGRESSIVE;
				CLANG_WARN_UNREACHABLE_CODE = YES;
				CLANG_WARN__DUPLICATE_METHOD_MATCH = YES;
				COPY_PHASE_STRIP = NO;
				DEBUG_INFORMATION_FORMAT = "dwarf-with-dsym";
				ENABLE_NS_ASSERTIONS = NO;
				ENABLE_STRICT_OBJC_MSGSEND = YES;
				GCC_C_LANGUAGE_STANDARD = gnu11;
				GCC_NO_COMMON_BLOCKS = YES;
				GCC_WARN_64_TO_32_BIT_CONVERSION = YES;
				GCC_WARN_ABOUT_RETURN_TYPE = YES_ERROR;
				GCC_WARN_UNDECLARED_SELECTOR = YES;
				GCC_WARN_UNINITIALIZED_AUTOS = YES_AGGRESSIVE;
				GCC_WARN_UNUSED_FUNCTION = YES;
				GCC_WARN_UNUSED_VARIABLE = YES;
				IPHONEOS_DEPLOYMENT_TARGET = 15.0;
				MTL_ENABLE_DEBUG_INFO = NO;
				MTL_FAST_MATH = YES;
				SDKROOT = iphoneos;
				SWIFT_COMPILATION_MODE = wholemodule;
				SWIFT_OPTIMIZATION_LEVEL = "-O";
				VALIDATE_PRODUCT = YES;
			};
			name = Release;
		};
		C68DE94128C7685900CA4CC8 /* Debug */ = {
			isa = XCBuildConfiguration;
			buildSettings = {
				ASSETCATALOG_COMPILER_APPICON_NAME = AppIcon;
				ASSETCATALOG_COMPILER_GLOBAL_ACCENT_COLOR_NAME = AccentColor;
				CODE_SIGN_ENTITLEMENTS = AsyncSwift/AsyncSwift.entitlements;
				CODE_SIGN_IDENTITY = "iPhone Developer";
				CODE_SIGN_STYLE = Manual;
				CURRENT_PROJECT_VERSION = 1;
				DEVELOPMENT_ASSET_PATHS = "\"AsyncSwift/Preview Content\"";
				DEVELOPMENT_TEAM = 76AJ433CP5;
				"DEVELOPMENT_TEAM[sdk=iphoneos*]" = 76AJ433CP5;
				ENABLE_PREVIEWS = YES;
				GENERATE_INFOPLIST_FILE = YES;
				INFOPLIST_FILE = AsyncSwift/Info.plist;
				INFOPLIST_KEY_NSCalendarsUsageDescription = "캘린더에 일정 추가를 위해서는 권한이 필요해요.";
				INFOPLIST_KEY_UIApplicationSceneManifest_Generation = YES;
				INFOPLIST_KEY_UIApplicationSupportsIndirectInputEvents = YES;
				INFOPLIST_KEY_UILaunchScreen_Generation = YES;
				INFOPLIST_KEY_UIStatusBarHidden = NO;
				INFOPLIST_KEY_UISupportedInterfaceOrientations = UIInterfaceOrientationPortrait;
				INFOPLIST_KEY_UISupportedInterfaceOrientations_iPad = UIInterfaceOrientationPortrait;
				INFOPLIST_KEY_UISupportedInterfaceOrientations_iPhone = UIInterfaceOrientationPortrait;
				INFOPLIST_KEY_UIUserInterfaceStyle = Light;
				LD_RUNPATH_SEARCH_PATHS = (
					"$(inherited)",
					"@executable_path/Frameworks",
				);
				MARKETING_VERSION = 1.0;
				PRODUCT_BUNDLE_IDENTIFIER = com.kim.AsyncSwift;
				PRODUCT_NAME = "$(TARGET_NAME)";
				PROVISIONING_PROFILE_SPECIFIER = AsyncSwiftForInho;
				"PROVISIONING_PROFILE_SPECIFIER[sdk=iphoneos*]" = AsyncSwift_Development;
				SWIFT_EMIT_LOC_STRINGS = YES;
				SWIFT_VERSION = 5.0;
				TARGETED_DEVICE_FAMILY = 1;
			};
			name = Debug;
		};
		C68DE94228C7685900CA4CC8 /* Release */ = {
			isa = XCBuildConfiguration;
			buildSettings = {
				ASSETCATALOG_COMPILER_APPICON_NAME = AppIcon;
				ASSETCATALOG_COMPILER_GLOBAL_ACCENT_COLOR_NAME = AccentColor;
				CODE_SIGN_ENTITLEMENTS = AsyncSwift/AsyncSwift.entitlements;
				CODE_SIGN_IDENTITY = "iPhone Developer";
				CODE_SIGN_STYLE = Manual;
				CURRENT_PROJECT_VERSION = 1;
				DEVELOPMENT_ASSET_PATHS = "\"AsyncSwift/Preview Content\"";
				DEVELOPMENT_TEAM = 76AJ433CP5;
				"DEVELOPMENT_TEAM[sdk=iphoneos*]" = 76AJ433CP5;
				ENABLE_PREVIEWS = YES;
				GENERATE_INFOPLIST_FILE = YES;
				INFOPLIST_FILE = AsyncSwift/Info.plist;
				INFOPLIST_KEY_NSCalendarsUsageDescription = "캘린더에 일정 추가를 위해서는 권한이 필요해요.";
				INFOPLIST_KEY_UIApplicationSceneManifest_Generation = YES;
				INFOPLIST_KEY_UIApplicationSupportsIndirectInputEvents = YES;
				INFOPLIST_KEY_UILaunchScreen_Generation = YES;
				INFOPLIST_KEY_UIStatusBarHidden = NO;
				INFOPLIST_KEY_UISupportedInterfaceOrientations = UIInterfaceOrientationPortrait;
				INFOPLIST_KEY_UISupportedInterfaceOrientations_iPad = UIInterfaceOrientationPortrait;
				INFOPLIST_KEY_UISupportedInterfaceOrientations_iPhone = UIInterfaceOrientationPortrait;
				INFOPLIST_KEY_UIUserInterfaceStyle = Light;
				LD_RUNPATH_SEARCH_PATHS = (
					"$(inherited)",
					"@executable_path/Frameworks",
				);
				MARKETING_VERSION = 1.0;
				PRODUCT_BUNDLE_IDENTIFIER = com.kim.AsyncSwift;
				PRODUCT_NAME = "$(TARGET_NAME)";
				PROVISIONING_PROFILE_SPECIFIER = AsyncSwiftForInho;
				"PROVISIONING_PROFILE_SPECIFIER[sdk=iphoneos*]" = AsyncSwift_Development;
				SWIFT_EMIT_LOC_STRINGS = YES;
				SWIFT_VERSION = 5.0;
				TARGETED_DEVICE_FAMILY = 1;
			};
			name = Release;
		};
/* End XCBuildConfiguration section */

/* Begin XCConfigurationList section */
		C68DE92D28C7685800CA4CC8 /* Build configuration list for PBXProject "AsyncSwift" */ = {
			isa = XCConfigurationList;
			buildConfigurations = (
				C68DE93E28C7685900CA4CC8 /* Debug */,
				C68DE93F28C7685900CA4CC8 /* Release */,
			);
			defaultConfigurationIsVisible = 0;
			defaultConfigurationName = Release;
		};
		C68DE94028C7685900CA4CC8 /* Build configuration list for PBXNativeTarget "AsyncSwift" */ = {
			isa = XCConfigurationList;
			buildConfigurations = (
				C68DE94128C7685900CA4CC8 /* Debug */,
				C68DE94228C7685900CA4CC8 /* Release */,
			);
			defaultConfigurationIsVisible = 0;
			defaultConfigurationName = Release;
		};
/* End XCConfigurationList section */

/* Begin XCRemoteSwiftPackageReference section */
		C68DE94328C76BC500CA4CC8 /* XCRemoteSwiftPackageReference "firebase-ios-sdk" */ = {
			isa = XCRemoteSwiftPackageReference;
			repositoryURL = "https://github.com/firebase/firebase-ios-sdk.git";
			requirement = {
				kind = upToNextMajorVersion;
				minimumVersion = 9.0.0;
			};
		};
/* End XCRemoteSwiftPackageReference section */

/* Begin XCSwiftPackageProductDependency section */
		C68DE94428C76BC500CA4CC8 /* FirebaseAnalytics */ = {
			isa = XCSwiftPackageProductDependency;
			package = C68DE94328C76BC500CA4CC8 /* XCRemoteSwiftPackageReference "firebase-ios-sdk" */;
			productName = FirebaseAnalytics;
		};
		C68DE94628C76BC500CA4CC8 /* FirebaseMessaging */ = {
			isa = XCSwiftPackageProductDependency;
			package = C68DE94328C76BC500CA4CC8 /* XCRemoteSwiftPackageReference "firebase-ios-sdk" */;
			productName = FirebaseMessaging;
		};
/* End XCSwiftPackageProductDependency section */
	};
	rootObject = C68DE92A28C7685800CA4CC8 /* Project object */;
}
